{
  "name": "evaa-api-demo",
  "version": "1.0.0",
  "lockfileVersion": 3,
  "requires": true,
  "packages": {
    "": {
      "name": "evaa-api-demo",
      "version": "1.0.0",
      "dependencies": {
        "evaa-engine": "file:../evaa-engine"
      }
    },
    "../evaa-engine": {
      "version": "1.0.0"
    },
    "node_modules/evaa-engine": {
      "resolved": "../evaa-engine",
      "link": true
    }
  }
}
